
Microsoft Visual Studio Solution File, Format Version 12.00
# Visual Studio Version 16
VisualStudioVersion = 16.0.30011.22
MinimumVisualStudioVersion = 10.0.40219.1
Project("{8BC9CEB8-8B4A-11D0-8D11-00A0C91BC942}") = "client", "client\client.vcxproj", "{410B74FA-9E19-4C9E-B57A-9064EDA0028E}"
EndProject
Project("{8BC9CEB8-8B4A-11D0-8D11-00A0C91BC942}") = "server", "server\server.vcxproj", "{34B3B1AA-0170-422D-ABB5-A07787294E82}"
EndProject
Project("{8BC9CEB8-8B4A-11D0-8D11-00A0C91BC942}") = "clientNeuro", "clientNeuro\clientNeuro.vcxproj", "{9788C6AD-E5D0-4491-B131-111707CAB4D6}"
EndProject
Global
	GlobalSection(SolutionConfigurationPlatforms) = preSolution
		Debug|x64 = Debug|x64
		Debug|x86 = Debug|x86
		Release|x64 = Release|x64
		Release|x86 = Release|x86
	EndGlobalSection
	GlobalSection(ProjectConfigurationPlatforms) = postSolution
		{410B74FA-9E19-4C9E-B57A-9064EDA0028E}.Debug|x64.ActiveCfg = Debug|x64
		{410B74FA-9E19-4C9E-B57A-9064EDA0028E}.Debug|x64.Build.0 = Debug|x64
		{410B74FA-9E19-4C9E-B57A-9064EDA0028E}.Debug|x86.ActiveCfg = Debug|x64
		{410B74FA-9E19-4C9E-B57A-9064EDA0028E}.Release|x64.ActiveCfg = Release|x64
		{410B74FA-9E19-4C9E-B57A-9064EDA0028E}.Release|x64.Build.0 = Release|x64
		{410B74FA-9E19-4C9E-B57A-9064EDA0028E}.Release|x86.ActiveCfg = Release|x64
		{34B3B1AA-0170-422D-ABB5-A07787294E82}.Debug|x64.ActiveCfg = Debug|x64
		{34B3B1AA-0170-422D-ABB5-A07787294E82}.Debug|x64.Build.0 = Debug|x64
		{34B3B1AA-0170-422D-ABB5-A07787294E82}.Debug|x86.ActiveCfg = Debug|x64
		{34B3B1AA-0170-422D-ABB5-A07787294E82}.Release|x64.ActiveCfg = Release|x64
		{34B3B1AA-0170-422D-ABB5-A07787294E82}.Release|x64.Build.0 = Release|x64
		{34B3B1AA-0170-422D-ABB5-A07787294E82}.Release|x86.ActiveCfg = Release|x64
		{9788C6AD-E5D0-4491-B131-111707CAB4D6}.Debug|x64.ActiveCfg = Debug|x64
		{9788C6AD-E5D0-4491-B131-111707CAB4D6}.Debug|x64.Build.0 = Debug|x64
		{9788C6AD-E5D0-4491-B131-111707CAB4D6}.Debug|x86.ActiveCfg = Debug|Win32
		{9788C6AD-E5D0-4491-B131-111707CAB4D6}.Debug|x86.Build.0 = Debug|Win32
		{9788C6AD-E5D0-4491-B131-111707CAB4D6}.Release|x64.ActiveCfg = Release|x64
		{9788C6AD-E5D0-4491-B131-111707CAB4D6}.Release|x64.Build.0 = Release|x64
		{9788C6AD-E5D0-4491-B131-111707CAB4D6}.Release|x86.ActiveCfg = Release|Win32
		{9788C6AD-E5D0-4491-B131-111707CAB4D6}.Release|x86.Build.0 = Release|Win32
	EndGlobalSection
	GlobalSection(SolutionProperties) = preSolution
		HideSolutionNode = FALSE
	EndGlobalSection
	GlobalSection(ExtensibilityGlobals) = postSolution
		        SolutionGuid = {50667462-3EFC-412B-BE01-89978B0E8CAF}
		                SolutionGuid = {7F3B57B3-8F81-45AE-9220-75450CDCD248}
		            SolutionGuid = {3BBF981A-048B-404F-A693-6BA71FEE18B5}
		    SolutionGuid = {DB8DC016-129A-40E8-BA75-E427870FFDA5}
		SolutionGuid = {AC07E2CF-914E-41FD-B054-5D83E0E48D33}
	EndGlobalSection
EndGlobal
